
Microsoft Visual Studio Solution File, Format Version 12.00
# Visual Studio Version 17
VisualStudioVersion = 17.14.37111.16 d17.14
MinimumVisualStudioVersion = 10.0.40219.1
Project("{FAE04EC0-301F-11D3-BF4B-00C04F79EFBC}") = "PepperImportsAPI", "PepperImportsAPI\PepperImportsAPI.csproj", "{B1D4AC2D-8F06-4745-ADB1-CE671CB8F7A9}"
EndProject
Global
	GlobalSection(SolutionConfigurationPlatforms) = preSolution
		Debug|Any CPU = Debug|Any CPU
		Release|Any CPU = Release|Any CPU
	EndGlobalSection
	GlobalSection(ProjectConfigurationPlatforms) = postSolution
		{B1D4AC2D-8F06-4745-ADB1-CE671CB8F7A9}.Debug|Any CPU.ActiveCfg = Debug|Any CPU
		{B1D4AC2D-8F06-4745-ADB1-CE671CB8F7A9}.Debug|Any CPU.Build.0 = Debug|Any CPU
		{B1D4AC2D-8F06-4745-ADB1-CE671CB8F7A9}.Release|Any CPU.ActiveCfg = Release|Any CPU
		{B1D4AC2D-8F06-4745-ADB1-CE671CB8F7A9}.Release|Any CPU.Build.0 = Release|Any CPU
	EndGlobalSection
	GlobalSection(SolutionProperties) = preSolution
		HideSolutionNode = FALSE
	EndGlobalSection
	GlobalSection(ExtensibilityGlobals) = postSolution
		SolutionGuid = {7097A1A5-E0A4-43BD-A401-19620F13C991}
	EndGlobalSection
EndGlobal
